# This file is automatically @generated by Cargo.
# It is not intended for manual editing.
version = 3

[[package]]
name = "pathkvs-core"
version = "0.0.0"

[[package]]
name = "pathkvs-net"
version = "0.0.0"
dependencies = [
 "pathkvs-core",
]

[[package]]
name = "pathkvs-test"
version = "0.0.0"
dependencies = [
 "pathkvs-core",
 "pathkvs-net",
]
